
Microsoft Visual Studio Solution File, Format Version 12.00
# Visual Studio 15
VisualStudioVersion = 15.0.26730.3
MinimumVisualStudioVersion = 10.0.40219.1
Project("{FAE04EC0-301F-11D3-BF4B-00C04F79EFBC}") = "JihankiProfessionalModel", "JihankiProfessionalModel\JihankiProfessionalModel.csproj", "{73BB04D4-D052-4D3A-8AFB-33D81EB28EF0}"
EndProject
Global
	GlobalSection(SolutionConfigurationPlatforms) = preSolution
		Debug|Any CPU = Debug|Any CPU
		Release|Any CPU = Release|Any CPU
	EndGlobalSection
	GlobalSection(ProjectConfigurationPlatforms) = postSolution
		{73BB04D4-D052-4D3A-8AFB-33D81EB28EF0}.Debug|Any CPU.ActiveCfg = Debug|Any CPU
		{73BB04D4-D052-4D3A-8AFB-33D81EB28EF0}.Debug|Any CPU.Build.0 = Debug|Any CPU
		{73BB04D4-D052-4D3A-8AFB-33D81EB28EF0}.Release|Any CPU.ActiveCfg = Release|Any CPU
		{73BB04D4-D052-4D3A-8AFB-33D81EB28EF0}.Release|Any CPU.Build.0 = Release|Any CPU
	EndGlobalSection
	GlobalSection(SolutionProperties) = preSolution
		HideSolutionNode = FALSE
	EndGlobalSection
	GlobalSection(ExtensibilityGlobals) = postSolution
		SolutionGuid = {F74B916A-F48F-4040-9FB4-9DBC13AE9A01}
	EndGlobalSection
EndGlobal
